{
  "name": "async-itertools",
  "version": "1.0.0-alpha",
  "lockfileVersion": 2,
  "requires": true,
  "packages": {
    "": {
      "name": "async-itertools",
      "version": "1.0.0-alpha",
      "license": "MIT",
      "devDependencies": {
        "pop-quiz": "^0.0.6"
      },
      "engines": {
        "node": ">=13.3.0",
        "npm": ">=6.12.1"
      }
    },
    "node_modules/pop-quiz": {
      "version": "0.0.6",
      "resolved": "https://registry.npmjs.org/pop-quiz/-/pop-quiz-0.0.6.tgz",
      "integrity": "sha512-aAsUuXT7/3iE2Bi+vzVGv+mRRmBH9ysR0rRzVdChBU6sqVOo+QmEx4PJVrDfAr4WRG2fSl7k7xaYrtWea3WE1w==",
      "dev": true
    }
  },
  "dependencies": {
    "pop-quiz": {
      "version": "0.0.6",
      "resolved": "https://registry.npmjs.org/pop-quiz/-/pop-quiz-0.0.6.tgz",
      "integrity": "sha512-aAsUuXT7/3iE2Bi+vzVGv+mRRmBH9ysR0rRzVdChBU6sqVOo+QmEx4PJVrDfAr4WRG2fSl7k7xaYrtWea3WE1w==",
      "dev": true
    }
  }
}
